{
  "pins" : [
    {
      "identity" : "logtodiscord",
      "kind" : "remoteSourceControl",
      "location" : "https://github.com/johnmelodyme/LogToDiscord.git",
      "state" : {
        "revision" : "82414425e4555ba6b2f1e0ca43fdeee8ee719fa6",
        "version" : "1.0.1"
      }
    }
  ],
  "version" : 2
}
