{
  "pins" : [
    {
      "identity" : "logtodiscord",
      "kind" : "remoteSourceControl",
      "location" : "https://github.com/johnmelodyme/LogToDiscord.git",
      "state" : {
        "revision" : "10c15454d5e6a0c0acfe2686525392680b63a19c",
        "version" : "1.0.4"
      }
    }
  ],
  "version" : 2
}
